// !$*UTF8*$!
{
	archiveVersion = 1;
	classes = {
	};
	objectVersion = 46;
	objects = {

/* Begin PBXBuildFile section */
		E06FA68D1CFC31D800C97184 /* main.cpp in Sources */ = {isa = PBXBuildFile; fileRef = E06FA68C1CFC31D800C97184 /* main.cpp */; };
/* End PBXBuildFile section */

/* Begin PBXCopyFilesBuildPhase section */
		E06FA67D1CFC318D00C97184 /* CopyFiles */ = {
			isa = PBXCopyFilesBuildPhase;
			buildActionMask = 2147483647;
			dstPath = /usr/share/man/man1/;
			dstSubfolderSpec = 0;
			files = (
			);
			runOnlyForDeploymentPostprocessing = 1;
		};
/* End PBXCopyFilesBuildPhase section */

/* Begin PBXFileReference section */
		E06FA67F1CFC318D00C97184 /* rak_server */ = {isa = PBXFileReference; explicitFileType = "compiled.mach-o.executable"; includeInIndex = 0; path = rak_server; sourceTree = BUILT_PRODUCTS_DIR; };
		E06FA68A1CFC31D800C97184 /* wave_riff.hpp */ = {isa = PBXFileReference; fileEncoding = 4; lastKnownFileType = sourcecode.cpp.h; path = wave_riff.hpp; sourceTree = "<group>"; };
		E06FA68C1CFC31D800C97184 /* main.cpp */ = {isa = PBXFileReference; fileEncoding = 4; lastKnownFileType = sourcecode.cpp.cpp; path = main.cpp; sourceTree = "<group>"; };
		E0A7837B1D0028D8009CEBAE /* rak_server.hpp */ = {isa = PBXFileReference; lastKnownFileType = sourcecode.cpp.h; path = rak_server.hpp; sourceTree = "<group>"; };
		E0A7837C1D004DE1009CEBAE /* server_listener.hpp */ = {isa = PBXFileReference; lastKnownFileType = sourcecode.cpp.h; path = server_listener.hpp; sourceTree = "<group>"; };
		E0C607FD1D00862100849E16 /* server_websocket.hpp */ = {isa = PBXFileReference; lastKnownFileType = sourcecode.cpp.h; path = server_websocket.hpp; sourceTree = "<group>"; };
		E0E4823A1D00F04000AABB06 /* server_listener_manager.hpp */ = {isa = PBXFileReference; lastKnownFileType = sourcecode.cpp.h; path = server_listener_manager.hpp; sourceTree = "<group>"; };
/* End PBXFileReference section */

/* Begin PBXFrameworksBuildPhase section */
		E06FA67C1CFC318D00C97184 /* Frameworks */ = {
			isa = PBXFrameworksBuildPhase;
			buildActionMask = 2147483647;
			files = (
			);
			runOnlyForDeploymentPostprocessing = 0;
		};
/* End PBXFrameworksBuildPhase section */

/* Begin PBXGroup section */
		E06FA6761CFC318D00C97184 = {
			isa = PBXGroup;
			children = (
				E06FA6891CFC31D800C97184 /* include */,
				E06FA68B1CFC31D800C97184 /* src */,
				E06FA6801CFC318D00C97184 /* Products */,
			);
			sourceTree = "<group>";
		};
		E06FA6801CFC318D00C97184 /* Products */ = {
			isa = PBXGroup;
			children = (
				E06FA67F1CFC318D00C97184 /* rak_server */,
			);
			name = Products;
			sourceTree = "<group>";
		};
		E06FA6891CFC31D800C97184 /* include */ = {
			isa = PBXGroup;
			children = (
				E06FA68A1CFC31D800C97184 /* wave_riff.hpp */,
				E0A7837B1D0028D8009CEBAE /* rak_server.hpp */,
				E0E4823A1D00F04000AABB06 /* server_listener_manager.hpp */,
				E0A7837C1D004DE1009CEBAE /* server_listener.hpp */,
				E0C607FD1D00862100849E16 /* server_websocket.hpp */,
			);
			name = include;
			path = ../include;
			sourceTree = "<group>";
		};
		E06FA68B1CFC31D800C97184 /* src */ = {
			isa = PBXGroup;
			children = (
				E06FA68C1CFC31D800C97184 /* main.cpp */,
			);
			name = src;
			path = ../src;
			sourceTree = "<group>";
		};
/* End PBXGroup section */

/* Begin PBXNativeTarget section */
		E06FA67E1CFC318D00C97184 /* rak_server */ = {
			isa = PBXNativeTarget;
			buildConfigurationList = E06FA6861CFC318D00C97184 /* Build configuration list for PBXNativeTarget "rak_server" */;
			buildPhases = (
				E06FA67B1CFC318D00C97184 /* Sources */,
				E06FA67C1CFC318D00C97184 /* Frameworks */,
				E06FA67D1CFC318D00C97184 /* CopyFiles */,
			);
			buildRules = (
			);
			dependencies = (
			);
			name = rak_server;
			productName = rak_server;
			productReference = E06FA67F1CFC318D00C97184 /* rak_server */;
			productType = "com.apple.product-type.tool";
		};
/* End PBXNativeTarget section */

/* Begin PBXProject section */
		E06FA6771CFC318D00C97184 /* Project object */ = {
			isa = PBXProject;
			attributes = {
				LastUpgradeCheck = 0730;
				ORGANIZATIONNAME = Gabriele;
				TargetAttributes = {
					E06FA67E1CFC318D00C97184 = {
						CreatedOnToolsVersion = 7.3.1;
					};
				};
			};
			buildConfigurationList = E06FA67A1CFC318D00C97184 /* Build configuration list for PBXProject "rak_server" */;
			compatibilityVersion = "Xcode 3.2";
			developmentRegion = English;
			hasScannedForEncodings = 0;
			knownRegions = (
				en,
			);
			mainGroup = E06FA6761CFC318D00C97184;
			productRefGroup = E06FA6801CFC318D00C97184 /* Products */;
			projectDirPath = "";
			projectRoot = "";
			targets = (
				E06FA67E1CFC318D00C97184 /* rak_server */,
			);
		};
/* End PBXProject section */

/* Begin PBXSourcesBuildPhase section */
		E06FA67B1CFC318D00C97184 /* Sources */ = {
			isa = PBXSourcesBuildPhase;
			buildActionMask = 2147483647;
			files = (
				E06FA68D1CFC31D800C97184 /* main.cpp in Sources */,
			);
			runOnlyForDeploymentPostprocessing = 0;
		};
/* End PBXSourcesBuildPhase section */

/* Begin XCBuildConfiguration section */
		E06FA6841CFC318D00C97184 /* Debug */ = {
			isa = XCBuildConfiguration;
			buildSettings = {
				ALWAYS_SEARCH_USER_PATHS = NO;
				CLANG_ANALYZER_NONNULL = YES;
				CLANG_CXX_LANGUAGE_STANDARD = "gnu++0x";
				CLANG_CXX_LIBRARY = "libc++";
				CLANG_ENABLE_MODULES = YES;
				CLANG_ENABLE_OBJC_ARC = YES;
				CLANG_WARN_BOOL_CONVERSION = YES;
				CLANG_WARN_CONSTANT_CONVERSION = YES;
				CLANG_WARN_DIRECT_OBJC_ISA_USAGE = YES_ERROR;
				CLANG_WARN_EMPTY_BODY = YES;
				CLANG_WARN_ENUM_CONVERSION = YES;
				CLANG_WARN_INT_CONVERSION = YES;
				CLANG_WARN_OBJC_ROOT_CLASS = YES_ERROR;
				CLANG_WARN_UNREACHABLE_CODE = YES;
				CLANG_WARN__DUPLICATE_METHOD_MATCH = YES;
				CODE_SIGN_IDENTITY = "-";
				COPY_PHASE_STRIP = NO;
				DEBUG_INFORMATION_FORMAT = dwarf;
				ENABLE_STRICT_OBJC_MSGSEND = YES;
				ENABLE_TESTABILITY = YES;
				GCC_C_LANGUAGE_STANDARD = gnu99;
				GCC_DYNAMIC_NO_PIC = NO;
				GCC_NO_COMMON_BLOCKS = YES;
				GCC_OPTIMIZATION_LEVEL = 0;
				GCC_PREPROCESSOR_DEFINITIONS = (
					"DEBUG=1",
					"$(inherited)",
				);
				GCC_WARN_64_TO_32_BIT_CONVERSION = YES;
				GCC_WARN_ABOUT_RETURN_TYPE = YES_ERROR;
				GCC_WARN_UNDECLARED_SELECTOR = YES;
				GCC_WARN_UNINITIALIZED_AUTOS = YES_AGGRESSIVE;
				GCC_WARN_UNUSED_FUNCTION = YES;
				GCC_WARN_UNUSED_VARIABLE = YES;
				HEADER_SEARCH_PATHS = (
					"$(SRCROOT)/../include",
					"$(SRCROOT)/../dependencies/include",
				);
				LIBRARY_SEARCH_PATHS = "$(SRCROOT)/../dependencies/lib/osx/debug";
				MACOSX_DEPLOYMENT_TARGET = 10.11;
				MTL_ENABLE_DEBUG_INFO = YES;
				ONLY_ACTIVE_ARCH = YES;
				OTHER_LDFLAGS = "-lRakNetLibStatic";
				SDKROOT = macosx;
			};
			name = Debug;
		};
		E06FA6851CFC318D00C97184 /* Release */ = {
			isa = XCBuildConfiguration;
			buildSettings = {
				ALWAYS_SEARCH_USER_PATHS = NO;
				CLANG_ANALYZER_NONNULL = YES;
				CLANG_CXX_LANGUAGE_STANDARD = "gnu++0x";
				CLANG_CXX_LIBRARY = "libc++";
				CLANG_ENABLE_MODULES = YES;
				CLANG_ENABLE_OBJC_ARC = YES;
				CLANG_WARN_BOOL_CONVERSION = YES;
				CLANG_WARN_CONSTANT_CONVERSION = YES;
				CLANG_WARN_DIRECT_OBJC_ISA_USAGE = YES_ERROR;
				CLANG_WARN_EMPTY_BODY = YES;
				CLANG_WARN_ENUM_CONVERSION = YES;
				CLANG_WARN_INT_CONVERSION = YES;
				CLANG_WARN_OBJC_ROOT_CLASS = YES_ERROR;
				CLANG_WARN_UNREACHABLE_CODE = YES;
				CLANG_WARN__DUPLICATE_METHOD_MATCH = YES;
				CODE_SIGN_IDENTITY = "-";
				COPY_PHASE_STRIP = NO;
				DEBUG_INFORMATION_FORMAT = "dwarf-with-dsym";
				ENABLE_NS_ASSERTIONS = NO;
				ENABLE_STRICT_OBJC_MSGSEND = YES;
				GCC_C_LANGUAGE_STANDARD = gnu99;
				GCC_NO_COMMON_BLOCKS = YES;
				GCC_WARN_64_TO_32_BIT_CONVERSION = YES;
				GCC_WARN_ABOUT_RETURN_TYPE = YES_ERROR;
				GCC_WARN_UNDECLARED_SELECTOR = YES;
				GCC_WARN_UNINITIALIZED_AUTOS = YES_AGGRESSIVE;
				GCC_WARN_UNUSED_FUNCTION = YES;
				GCC_WARN_UNUSED_VARIABLE = YES;
				HEADER_SEARCH_PATHS = (
					"$(SRCROOT)/../include",
					"$(SRCROOT)/../dependencies/include",
				);
				LIBRARY_SEARCH_PATHS = "$(SRCROOT)/../dependencies/lib/osx/release";
				MACOSX_DEPLOYMENT_TARGET = 10.11;
				MTL_ENABLE_DEBUG_INFO = NO;
				OTHER_LDFLAGS = "-lRakNetLibStatic";
				SDKROOT = macosx;
			};
			name = Release;
		};
		E06FA6871CFC318D00C97184 /* Debug */ = {
			isa = XCBuildConfiguration;
			buildSettings = {
				OTHER_LDFLAGS = (
					"-lRakNetLibStatic",
					"-lopus",
				);
				PRODUCT_NAME = "$(TARGET_NAME)";
			};
			name = Debug;
		};
		E06FA6881CFC318D00C97184 /* Release */ = {
			isa = XCBuildConfiguration;
			buildSettings = {
				OTHER_LDFLAGS = (
					"-lRakNetLibStatic",
					"-lopus",
				);
				PRODUCT_NAME = "$(TARGET_NAME)";
			};
			name = Release;
		};
/* End XCBuildConfiguration section */

/* Begin XCConfigurationList section */
		E06FA67A1CFC318D00C97184 /* Build configuration list for PBXProject "rak_server" */ = {
			isa = XCConfigurationList;
			buildConfigurations = (
				E06FA6841CFC318D00C97184 /* Debug */,
				E06FA6851CFC318D00C97184 /* Release */,
			);
			defaultConfigurationIsVisible = 0;
			defaultConfigurationName = Release;
		};
		E06FA6861CFC318D00C97184 /* Build configuration list for PBXNativeTarget "rak_server" */ = {
			isa = XCConfigurationList;
			buildConfigurations = (
				E06FA6871CFC318D00C97184 /* Debug */,
				E06FA6881CFC318D00C97184 /* Release */,
			);
			defaultConfigurationIsVisible = 0;
			defaultConfigurationName = Release;
		};
/* End XCConfigurationList section */
	};
	rootObject = E06FA6771CFC318D00C97184 /* Project object */;
}
